// !$*UTF8*$!
{
	archiveVersion = 1;
	classes = {
	};
	objectVersion = 46;
	objects = {

/* Begin PBXBuildFile section */
		6C02C3E71B25B5820007E485 /* RMSMaths.swift in Sources */ = {isa = PBXBuildFile; fileRef = 6C02C3DF1B25B5820007E485 /* RMSMaths.swift */; };
		6C02C3E81B25B5820007E485 /* RMX.swift in Sources */ = {isa = PBXBuildFile; fileRef = 6C02C3E01B25B5820007E485 /* RMX.swift */; };
		6C02C3E91B25B5820007E485 /* RMXAiDelegate.swift in Sources */ = {isa = PBXBuildFile; fileRef = 6C02C3E11B25B5820007E485 /* RMXAiDelegate.swift */; };
		6C02C3EA1B25B5820007E485 /* RMXDebugger.swift in Sources */ = {isa = PBXBuildFile; fileRef = 6C02C3E21B25B5820007E485 /* RMXDebugger.swift */; };
		6C02C3EB1B25B5820007E485 /* RMXFunctions.swift in Sources */ = {isa = PBXBuildFile; fileRef = 6C02C3E31B25B5820007E485 /* RMXFunctions.swift */; };
		6C02C3EC1B25B5820007E485 /* RMXSpriteTimer.swift in Sources */ = {isa = PBXBuildFile; fileRef = 6C02C3E41B25B5820007E485 /* RMXSpriteTimer.swift */; };
		6C02C3ED1B25B5820007E485 /* RMXValue.swift in Sources */ = {isa = PBXBuildFile; fileRef = 6C02C3E51B25B5820007E485 /* RMXValue.swift */; };
		6C02C3EE1B25B5820007E485 /* UserActions.swift in Sources */ = {isa = PBXBuildFile; fileRef = 6C02C3E61B25B5820007E485 /* UserActions.swift */; };
		6C11DBCE1B25AAE500A2ED84 /* TestingWorld.swift in Sources */ = {isa = PBXBuildFile; fileRef = 6C11DBCD1B25AAE500A2ED84 /* TestingWorld.swift */; };
		6C206C361B25853900D83CC0 /* RMSActionProcessor.swift in Sources */ = {isa = PBXBuildFile; fileRef = 6C206C351B25853900D83CC0 /* RMSActionProcessor.swift */; };
		6C206C381B2585BF00D83CC0 /* RMSWorld.swift in Sources */ = {isa = PBXBuildFile; fileRef = 6C206C371B2585BF00D83CC0 /* RMSWorld.swift */; };
		6C206C3A1B25865A00D83CC0 /* RMXSpriteKit.swift in Sources */ = {isa = PBXBuildFile; fileRef = 6C206C391B25865A00D83CC0 /* RMXSpriteKit.swift */; };
		6C206C3D1B2586F700D83CC0 /* RMXCollider.swift in Sources */ = {isa = PBXBuildFile; fileRef = 6C206C331B25850900D83CC0 /* RMXCollider.swift */; };
		6C206C451B2588B700D83CC0 /* AV.swift in Sources */ = {isa = PBXBuildFile; fileRef = 6C206C441B2588B700D83CC0 /* AV.swift */; };
		6C206C551B25915D00D83CC0 /* RMXSprite.swift in Sources */ = {isa = PBXBuildFile; fileRef = 6C206C541B25915D00D83CC0 /* RMXSprite.swift */; };
		6C206C591B259B9200D83CC0 /* RMXNode.swift in Sources */ = {isa = PBXBuildFile; fileRef = 6C206C581B259B9200D83CC0 /* RMXNode.swift */; };
		6CDF867E1B1EF430001F270B /* AppDelegate.swift in Sources */ = {isa = PBXBuildFile; fileRef = 6CDF867D1B1EF430001F270B /* AppDelegate.swift */; };
		6CDF86801B1EF430001F270B /* GameScene.sks in Resources */ = {isa = PBXBuildFile; fileRef = 6CDF867F1B1EF430001F270B /* GameScene.sks */; };
		6CDF86821B1EF430001F270B /* GameScene.swift in Sources */ = {isa = PBXBuildFile; fileRef = 6CDF86811B1EF430001F270B /* GameScene.swift */; };
		6CDF86841B1EF430001F270B /* GameViewController.swift in Sources */ = {isa = PBXBuildFile; fileRef = 6CDF86831B1EF430001F270B /* GameViewController.swift */; };
		6CDF86871B1EF430001F270B /* Main.storyboard in Resources */ = {isa = PBXBuildFile; fileRef = 6CDF86851B1EF430001F270B /* Main.storyboard */; };
		6CDF86891B1EF430001F270B /* Images.xcassets in Resources */ = {isa = PBXBuildFile; fileRef = 6CDF86881B1EF430001F270B /* Images.xcassets */; };
		6CDF868C1B1EF430001F270B /* LaunchScreen.xib in Resources */ = {isa = PBXBuildFile; fileRef = 6CDF868A1B1EF430001F270B /* LaunchScreen.xib */; };
		6CDF86981B1EF430001F270B /* AiSpriteeTests.swift in Sources */ = {isa = PBXBuildFile; fileRef = 6CDF86971B1EF430001F270B /* AiSpriteeTests.swift */; };
/* End PBXBuildFile section */

/* Begin PBXContainerItemProxy section */
		6CDF86921B1EF430001F270B /* PBXContainerItemProxy */ = {
			isa = PBXContainerItemProxy;
			containerPortal = 6CDF86701B1EF430001F270B /* Project object */;
			proxyType = 1;
			remoteGlobalIDString = 6CDF86771B1EF430001F270B;
			remoteInfo = AiSpritee;
		};
/* End PBXContainerItemProxy section */

/* Begin PBXFileReference section */
		6C02C3DF1B25B5820007E485 /* RMSMaths.swift */ = {isa = PBXFileReference; fileEncoding = 4; lastKnownFileType = sourcecode.swift; path = RMSMaths.swift; sourceTree = "<group>"; };
		6C02C3E01B25B5820007E485 /* RMX.swift */ = {isa = PBXFileReference; fileEncoding = 4; lastKnownFileType = sourcecode.swift; path = RMX.swift; sourceTree = "<group>"; };
		6C02C3E11B25B5820007E485 /* RMXAiDelegate.swift */ = {isa = PBXFileReference; fileEncoding = 4; lastKnownFileType = sourcecode.swift; path = RMXAiDelegate.swift; sourceTree = "<group>"; };
		6C02C3E21B25B5820007E485 /* RMXDebugger.swift */ = {isa = PBXFileReference; fileEncoding = 4; lastKnownFileType = sourcecode.swift; path = RMXDebugger.swift; sourceTree = "<group>"; };
		6C02C3E31B25B5820007E485 /* RMXFunctions.swift */ = {isa = PBXFileReference; fileEncoding = 4; lastKnownFileType = sourcecode.swift; path = RMXFunctions.swift; sourceTree = "<group>"; };
		6C02C3E41B25B5820007E485 /* RMXSpriteTimer.swift */ = {isa = PBXFileReference; fileEncoding = 4; lastKnownFileType = sourcecode.swift; path = RMXSpriteTimer.swift; sourceTree = "<group>"; };
		6C02C3E51B25B5820007E485 /* RMXValue.swift */ = {isa = PBXFileReference; fileEncoding = 4; lastKnownFileType = sourcecode.swift; path = RMXValue.swift; sourceTree = "<group>"; };
		6C02C3E61B25B5820007E485 /* UserActions.swift */ = {isa = PBXFileReference; fileEncoding = 4; lastKnownFileType = sourcecode.swift; path = UserActions.swift; sourceTree = "<group>"; };
		6C11DBCD1B25AAE500A2ED84 /* TestingWorld.swift */ = {isa = PBXFileReference; fileEncoding = 4; lastKnownFileType = sourcecode.swift; path = TestingWorld.swift; sourceTree = "<group>"; };
		6C206C331B25850900D83CC0 /* RMXCollider.swift */ = {isa = PBXFileReference; fileEncoding = 4; lastKnownFileType = sourcecode.swift; path = RMXCollider.swift; sourceTree = "<group>"; };
		6C206C351B25853900D83CC0 /* RMSActionProcessor.swift */ = {isa = PBXFileReference; fileEncoding = 4; lastKnownFileType = sourcecode.swift; path = RMSActionProcessor.swift; sourceTree = "<group>"; };
		6C206C371B2585BF00D83CC0 /* RMSWorld.swift */ = {isa = PBXFileReference; fileEncoding = 4; lastKnownFileType = sourcecode.swift; path = RMSWorld.swift; sourceTree = "<group>"; };
		6C206C391B25865A00D83CC0 /* RMXSpriteKit.swift */ = {isa = PBXFileReference; fileEncoding = 4; lastKnownFileType = sourcecode.swift; path = RMXSpriteKit.swift; sourceTree = "<group>"; };
		6C206C421B25886700D83CC0 /* Accelormeter.swift */ = {isa = PBXFileReference; fileEncoding = 4; lastKnownFileType = sourcecode.swift; path = Accelormeter.swift; sourceTree = "<group>"; };
		6C206C441B2588B700D83CC0 /* AV.swift */ = {isa = PBXFileReference; fileEncoding = 4; lastKnownFileType = sourcecode.swift; path = AV.swift; sourceTree = "<group>"; };
		6C206C4E1B25908B00D83CC0 /* RMXAi.swift */ = {isa = PBXFileReference; fileEncoding = 4; lastKnownFileType = sourcecode.swift; name = RMXAi.swift; path = ../AiScene/Source/Environment/RMXAi.swift; sourceTree = "<group>"; };
		6C206C541B25915D00D83CC0 /* RMXSprite.swift */ = {isa = PBXFileReference; fileEncoding = 4; lastKnownFileType = sourcecode.swift; path = RMXSprite.swift; sourceTree = "<group>"; };
		6C206C581B259B9200D83CC0 /* RMXNode.swift */ = {isa = PBXFileReference; fileEncoding = 4; lastKnownFileType = sourcecode.swift; path = RMXNode.swift; sourceTree = "<group>"; };
		6CDF86781B1EF430001F270B /* AiSpritee.app */ = {isa = PBXFileReference; explicitFileType = wrapper.application; includeInIndex = 0; path = AiSpritee.app; sourceTree = BUILT_PRODUCTS_DIR; };
		6CDF867C1B1EF430001F270B /* Info.plist */ = {isa = PBXFileReference; lastKnownFileType = text.plist.xml; path = Info.plist; sourceTree = "<group>"; };
		6CDF867D1B1EF430001F270B /* AppDelegate.swift */ = {isa = PBXFileReference; lastKnownFileType = sourcecode.swift; path = AppDelegate.swift; sourceTree = "<group>"; };
		6CDF867F1B1EF430001F270B /* GameScene.sks */ = {isa = PBXFileReference; lastKnownFileType = file.sks; path = GameScene.sks; sourceTree = "<group>"; };
		6CDF86811B1EF430001F270B /* GameScene.swift */ = {isa = PBXFileReference; lastKnownFileType = sourcecode.swift; path = GameScene.swift; sourceTree = "<group>"; };
		6CDF86831B1EF430001F270B /* GameViewController.swift */ = {isa = PBXFileReference; lastKnownFileType = sourcecode.swift; path = GameViewController.swift; sourceTree = "<group>"; };
		6CDF86861B1EF430001F270B /* Base */ = {isa = PBXFileReference; lastKnownFileType = file.storyboard; name = Base; path = Base.lproj/Main.storyboard; sourceTree = "<group>"; };
		6CDF86881B1EF430001F270B /* Images.xcassets */ = {isa = PBXFileReference; lastKnownFileType = folder.assetcatalog; path = Images.xcassets; sourceTree = "<group>"; };
		6CDF868B1B1EF430001F270B /* Base */ = {isa = PBXFileReference; lastKnownFileType = file.xib; name = Base; path = Base.lproj/LaunchScreen.xib; sourceTree = "<group>"; };
		6CDF86911B1EF430001F270B /* AiSpriteeTests.xctest */ = {isa = PBXFileReference; explicitFileType = wrapper.cfbundle; includeInIndex = 0; path = AiSpriteeTests.xctest; sourceTree = BUILT_PRODUCTS_DIR; };
		6CDF86961B1EF430001F270B /* Info.plist */ = {isa = PBXFileReference; lastKnownFileType = text.plist.xml; path = Info.plist; sourceTree = "<group>"; };
		6CDF86971B1EF430001F270B /* AiSpriteeTests.swift */ = {isa = PBXFileReference; lastKnownFileType = sourcecode.swift; path = AiSpriteeTests.swift; sourceTree = "<group>"; };
		6CDF86A71B1EF4DF001F270B /* RMXAudioVideo.swift */ = {isa = PBXFileReference; fileEncoding = 4; lastKnownFileType = sourcecode.swift; path = RMXAudioVideo.swift; sourceTree = "<group>"; };
		6CDF86A81B1EF4DF001F270B /* Accelorometer.swift */ = {isa = PBXFileReference; fileEncoding = 4; lastKnownFileType = sourcecode.swift; path = Accelorometer.swift; sourceTree = "<group>"; };
		6CDF86A91B1EF4DF001F270B /* iOSControllers.swift */ = {isa = PBXFileReference; fileEncoding = 4; lastKnownFileType = sourcecode.swift; path = iOSControllers.swift; sourceTree = "<group>"; };
		6CDF86AA1B1EF4DF001F270B /* Buttons.swift */ = {isa = PBXFileReference; fileEncoding = 4; lastKnownFileType = sourcecode.swift; path = Buttons.swift; sourceTree = "<group>"; };
		6CDF86AB1B1EF4DF001F270B /* RMSActionProcessor.swift */ = {isa = PBXFileReference; fileEncoding = 4; lastKnownFileType = sourcecode.swift; path = RMSActionProcessor.swift; sourceTree = "<group>"; };
		6CDF86AC1B1EF4DF001F270B /* RMSKeys.swift */ = {isa = PBXFileReference; fileEncoding = 4; lastKnownFileType = sourcecode.swift; path = RMSKeys.swift; sourceTree = "<group>"; };
		6CDF86AD1B1EF4DF001F270B /* RMXDPad.swift */ = {isa = PBXFileReference; fileEncoding = 4; lastKnownFileType = sourcecode.swift; path = RMXDPad.swift; sourceTree = "<group>"; };
		6CDF86AE1B1EF4DF001F270B /* RMXInterface.swift */ = {isa = PBXFileReference; fileEncoding = 4; lastKnownFileType = sourcecode.swift; path = RMXInterface.swift; sourceTree = "<group>"; };
		6CDF86BF1B1EF5F7001F270B /* GameView.swift */ = {isa = PBXFileReference; fileEncoding = 4; lastKnownFileType = sourcecode.swift; path = GameView.swift; sourceTree = "<group>"; };
		6CDF86C01B1EF5F7001F270B /* GameViewController.swift */ = {isa = PBXFileReference; fileEncoding = 4; lastKnownFileType = sourcecode.swift; path = GameViewController.swift; sourceTree = "<group>"; };
		6CDF86C11B1EF5F7001F270B /* AiCubo Basic.swift */ = {isa = PBXFileReference; fileEncoding = 4; lastKnownFileType = sourcecode.swift; path = "AiCubo Basic.swift"; sourceTree = "<group>"; };
		6CDF86C21B1EF5F7001F270B /* RMXInitialize.swift */ = {isa = PBXFileReference; fileEncoding = 4; lastKnownFileType = sourcecode.swift; path = RMXInitialize.swift; sourceTree = "<group>"; };
		6CDF86CA1B1EF6FD001F270B /* RMXController.swift */ = {isa = PBXFileReference; fileEncoding = 4; lastKnownFileType = sourcecode.swift; path = RMXController.swift; sourceTree = "<group>"; };
		6CDF86CB1B1EF6FD001F270B /* RMXViewController.swift */ = {isa = PBXFileReference; fileEncoding = 4; lastKnownFileType = sourcecode.swift; path = RMXViewController.swift; sourceTree = "<group>"; };
/* End PBXFileReference section */

/* Begin PBXFrameworksBuildPhase section */
		6CDF86751B1EF430001F270B /* Frameworks */ = {
			isa = PBXFrameworksBuildPhase;
			buildActionMask = 2147483647;
			files = (
			);
			runOnlyForDeploymentPostprocessing = 0;
		};
		6CDF868E1B1EF430001F270B /* Frameworks */ = {
			isa = PBXFrameworksBuildPhase;
			buildActionMask = 2147483647;
			files = (
			);
			runOnlyForDeploymentPostprocessing = 0;
		};
/* End PBXFrameworksBuildPhase section */

/* Begin PBXGroup section */
		6C02C3DE1B25B5820007E485 /* RMXKit */ = {
			isa = PBXGroup;
			children = (
				6C02C3DF1B25B5820007E485 /* RMSMaths.swift */,
				6C02C3E01B25B5820007E485 /* RMX.swift */,
				6C02C3E11B25B5820007E485 /* RMXAiDelegate.swift */,
				6C02C3E21B25B5820007E485 /* RMXDebugger.swift */,
				6C02C3E31B25B5820007E485 /* RMXFunctions.swift */,
				6C02C3E41B25B5820007E485 /* RMXSpriteTimer.swift */,
				6C02C3E51B25B5820007E485 /* RMXValue.swift */,
				6C02C3E61B25B5820007E485 /* UserActions.swift */,
			);
			name = RMXKit;
			path = ../RMXKit;
			sourceTree = "<group>";
		};
		6C206C4C1B25907A00D83CC0 /* Ai */ = {
			isa = PBXGroup;
			children = (
				6C206C541B25915D00D83CC0 /* RMXSprite.swift */,
				6C206C4E1B25908B00D83CC0 /* RMXAi.swift */,
				6C206C581B259B9200D83CC0 /* RMXNode.swift */,
			);
			name = Ai;
			sourceTree = "<group>";
		};
		6CDF866F1B1EF430001F270B = {
			isa = PBXGroup;
			children = (
				6C02C3DE1B25B5820007E485 /* RMXKit */,
				6CDF86C91B1EF60A001F270B /* Shared */,
				6CDF867A1B1EF430001F270B /* AiSpritee */,
				6CDF86941B1EF430001F270B /* AiSpriteeTests */,
				6CDF86791B1EF430001F270B /* Products */,
			);
			sourceTree = "<group>";
		};
		6CDF86791B1EF430001F270B /* Products */ = {
			isa = PBXGroup;
			children = (
				6CDF86781B1EF430001F270B /* AiSpritee.app */,
				6CDF86911B1EF430001F270B /* AiSpriteeTests.xctest */,
			);
			name = Products;
			sourceTree = "<group>";
		};
		6CDF867A1B1EF430001F270B /* AiSpritee */ = {
			isa = PBXGroup;
			children = (
				6CDF867D1B1EF430001F270B /* AppDelegate.swift */,
				6CDF867F1B1EF430001F270B /* GameScene.sks */,
				6CDF86811B1EF430001F270B /* GameScene.swift */,
				6CDF86831B1EF430001F270B /* GameViewController.swift */,
				6CDF86851B1EF430001F270B /* Main.storyboard */,
				6CDF86881B1EF430001F270B /* Images.xcassets */,
				6CDF868A1B1EF430001F270B /* LaunchScreen.xib */,
				6CDF867B1B1EF430001F270B /* Supporting Files */,
				6C206C331B25850900D83CC0 /* RMXCollider.swift */,
				6C206C391B25865A00D83CC0 /* RMXSpriteKit.swift */,
				6C11DBCD1B25AAE500A2ED84 /* TestingWorld.swift */,
				6C206C421B25886700D83CC0 /* Accelormeter.swift */,
				6C206C441B2588B700D83CC0 /* AV.swift */,
				6C206C371B2585BF00D83CC0 /* RMSWorld.swift */,
				6C206C351B25853900D83CC0 /* RMSActionProcessor.swift */,
			);
			path = AiSpritee;
			sourceTree = "<group>";
		};
		6CDF867B1B1EF430001F270B /* Supporting Files */ = {
			isa = PBXGroup;
			children = (
				6CDF867C1B1EF430001F270B /* Info.plist */,
			);
			name = "Supporting Files";
			sourceTree = "<group>";
		};
		6CDF86941B1EF430001F270B /* AiSpriteeTests */ = {
			isa = PBXGroup;
			children = (
				6CDF86971B1EF430001F270B /* AiSpriteeTests.swift */,
				6CDF86951B1EF430001F270B /* Supporting Files */,
			);
			path = AiSpriteeTests;
			sourceTree = "<group>";
		};
		6CDF86951B1EF430001F270B /* Supporting Files */ = {
			isa = PBXGroup;
			children = (
				6CDF86961B1EF430001F270B /* Info.plist */,
			);
			name = "Supporting Files";
			sourceTree = "<group>";
		};
		6CDF86B01B1EF4DF001F270B /* UserInterface */ = {
			isa = PBXGroup;
			children = (
				6CDF86A71B1EF4DF001F270B /* RMXAudioVideo.swift */,
				6CDF86A81B1EF4DF001F270B /* Accelorometer.swift */,
				6CDF86A91B1EF4DF001F270B /* iOSControllers.swift */,
				6CDF86AA1B1EF4DF001F270B /* Buttons.swift */,
				6CDF86AB1B1EF4DF001F270B /* RMSActionProcessor.swift */,
				6CDF86AC1B1EF4DF001F270B /* RMSKeys.swift */,
				6CDF86AD1B1EF4DF001F270B /* RMXDPad.swift */,
				6CDF86AE1B1EF4DF001F270B /* RMXInterface.swift */,
			);
			name = UserInterface;
			path = ../AiScene/Source/UserInterface;
			sourceTree = "<group>";
		};
		6CDF86C41B1EF5F7001F270B /* Initialisation */ = {
			isa = PBXGroup;
			children = (
				6CDF86BF1B1EF5F7001F270B /* GameView.swift */,
				6CDF86C01B1EF5F7001F270B /* GameViewController.swift */,
				6CDF86C11B1EF5F7001F270B /* AiCubo Basic.swift */,
				6CDF86C21B1EF5F7001F270B /* RMXInitialize.swift */,
			);
			name = Initialisation;
			path = ../AiScene/Source/Initialisation;
			sourceTree = "<group>";
		};
		6CDF86C91B1EF60A001F270B /* Shared */ = {
			isa = PBXGroup;
			children = (
				6C206C4C1B25907A00D83CC0 /* Ai */,
				6CDF86B01B1EF4DF001F270B /* UserInterface */,
				6CDF86CC1B1EF6FD001F270B /* Protocols */,
				6CDF86C41B1EF5F7001F270B /* Initialisation */,
			);
			name = Shared;
			sourceTree = "<group>";
		};
		6CDF86CC1B1EF6FD001F270B /* Protocols */ = {
			isa = PBXGroup;
			children = (
				6CDF86CA1B1EF6FD001F270B /* RMXController.swift */,
				6CDF86CB1B1EF6FD001F270B /* RMXViewController.swift */,
			);
			name = Protocols;
			path = ../AiScene/Source/Protocols;
			sourceTree = "<group>";
		};
/* End PBXGroup section */

/* Begin PBXNativeTarget section */
		6CDF86771B1EF430001F270B /* AiSpritee */ = {
			isa = PBXNativeTarget;
			buildConfigurationList = 6CDF869B1B1EF430001F270B /* Build configuration list for PBXNativeTarget "AiSpritee" */;
			buildPhases = (
				6CDF86741B1EF430001F270B /* Sources */,
				6CDF86751B1EF430001F270B /* Frameworks */,
				6CDF86761B1EF430001F270B /* Resources */,
			);
			buildRules = (
			);
			dependencies = (
			);
			name = AiSpritee;
			productName = AiSpritee;
			productReference = 6CDF86781B1EF430001F270B /* AiSpritee.app */;
			productType = "com.apple.product-type.application";
		};
		6CDF86901B1EF430001F270B /* AiSpriteeTests */ = {
			isa = PBXNativeTarget;
			buildConfigurationList = 6CDF869E1B1EF430001F270B /* Build configuration list for PBXNativeTarget "AiSpriteeTests" */;
			buildPhases = (
				6CDF868D1B1EF430001F270B /* Sources */,
				6CDF868E1B1EF430001F270B /* Frameworks */,
				6CDF868F1B1EF430001F270B /* Resources */,
			);
			buildRules = (
			);
			dependencies = (
				6CDF86931B1EF430001F270B /* PBXTargetDependency */,
			);
			name = AiSpriteeTests;
			productName = AiSpriteeTests;
			productReference = 6CDF86911B1EF430001F270B /* AiSpriteeTests.xctest */;
			productType = "com.apple.product-type.bundle.unit-test";
		};
/* End PBXNativeTarget section */

/* Begin PBXProject section */
		6CDF86701B1EF430001F270B /* Project object */ = {
			isa = PBXProject;
			attributes = {
				LastUpgradeCheck = 0630;
				ORGANIZATIONNAME = "Rattle Media";
				TargetAttributes = {
					6CDF86771B1EF430001F270B = {
						CreatedOnToolsVersion = 6.3.1;
					};
					6CDF86901B1EF430001F270B = {
						CreatedOnToolsVersion = 6.3.1;
						TestTargetID = 6CDF86771B1EF430001F270B;
					};
				};
			};
			buildConfigurationList = 6CDF86731B1EF430001F270B /* Build configuration list for PBXProject "AiSpritee" */;
			compatibilityVersion = "Xcode 3.2";
			developmentRegion = English;
			hasScannedForEncodings = 0;
			knownRegions = (
				en,
				Base,
			);
			mainGroup = 6CDF866F1B1EF430001F270B;
			productRefGroup = 6CDF86791B1EF430001F270B /* Products */;
			projectDirPath = "";
			projectRoot = "";
			targets = (
				6CDF86771B1EF430001F270B /* AiSpritee */,
				6CDF86901B1EF430001F270B /* AiSpriteeTests */,
			);
		};
/* End PBXProject section */

/* Begin PBXResourcesBuildPhase section */
		6CDF86761B1EF430001F270B /* Resources */ = {
			isa = PBXResourcesBuildPhase;
			buildActionMask = 2147483647;
			files = (
				6CDF868C1B1EF430001F270B /* LaunchScreen.xib in Resources */,
				6CDF86891B1EF430001F270B /* Images.xcassets in Resources */,
				6CDF86801B1EF430001F270B /* GameScene.sks in Resources */,
				6CDF86871B1EF430001F270B /* Main.storyboard in Resources */,
			);
			runOnlyForDeploymentPostprocessing = 0;
		};
		6CDF868F1B1EF430001F270B /* Resources */ = {
			isa = PBXResourcesBuildPhase;
			buildActionMask = 2147483647;
			files = (
			);
			runOnlyForDeploymentPostprocessing = 0;
		};
/* End PBXResourcesBuildPhase section */

/* Begin PBXSourcesBuildPhase section */
		6CDF86741B1EF430001F270B /* Sources */ = {
			isa = PBXSourcesBuildPhase;
			buildActionMask = 2147483647;
			files = (
				6C206C381B2585BF00D83CC0 /* RMSWorld.swift in Sources */,
				6C206C3D1B2586F700D83CC0 /* RMXCollider.swift in Sources */,
				6C02C3E91B25B5820007E485 /* RMXAiDelegate.swift in Sources */,
				6CDF86821B1EF430001F270B /* GameScene.swift in Sources */,
				6C02C3EE1B25B5820007E485 /* UserActions.swift in Sources */,
				6C02C3E71B25B5820007E485 /* RMSMaths.swift in Sources */,
				6C206C3A1B25865A00D83CC0 /* RMXSpriteKit.swift in Sources */,
				6CDF86841B1EF430001F270B /* GameViewController.swift in Sources */,
				6C02C3EB1B25B5820007E485 /* RMXFunctions.swift in Sources */,
				6C206C551B25915D00D83CC0 /* RMXSprite.swift in Sources */,
				6C02C3ED1B25B5820007E485 /* RMXValue.swift in Sources */,
				6C02C3EC1B25B5820007E485 /* RMXSpriteTimer.swift in Sources */,
				6C11DBCE1B25AAE500A2ED84 /* TestingWorld.swift in Sources */,
				6C02C3EA1B25B5820007E485 /* RMXDebugger.swift in Sources */,
				6CDF867E1B1EF430001F270B /* AppDelegate.swift in Sources */,
				6C206C591B259B9200D83CC0 /* RMXNode.swift in Sources */,
				6C206C361B25853900D83CC0 /* RMSActionProcessor.swift in Sources */,
				6C206C451B2588B700D83CC0 /* AV.swift in Sources */,
				6C02C3E81B25B5820007E485 /* RMX.swift in Sources */,
			);
			runOnlyForDeploymentPostprocessing = 0;
		};
		6CDF868D1B1EF430001F270B /* Sources */ = {
			isa = PBXSourcesBuildPhase;
			buildActionMask = 2147483647;
			files = (
				6CDF86981B1EF430001F270B /* AiSpriteeTests.swift in Sources */,
			);
			runOnlyForDeploymentPostprocessing = 0;
		};
/* End PBXSourcesBuildPhase section */

/* Begin PBXTargetDependency section */
		6CDF86931B1EF430001F270B /* PBXTargetDependency */ = {
			isa = PBXTargetDependency;
			target = 6CDF86771B1EF430001F270B /* AiSpritee */;
			targetProxy = 6CDF86921B1EF430001F270B /* PBXContainerItemProxy */;
		};
/* End PBXTargetDependency section */

/* Begin PBXVariantGroup section */
		6CDF86851B1EF430001F270B /* Main.storyboard */ = {
			isa = PBXVariantGroup;
			children = (
				6CDF86861B1EF430001F270B /* Base */,
			);
			name = Main.storyboard;
			sourceTree = "<group>";
		};
		6CDF868A1B1EF430001F270B /* LaunchScreen.xib */ = {
			isa = PBXVariantGroup;
			children = (
				6CDF868B1B1EF430001F270B /* Base */,
			);
			name = LaunchScreen.xib;
			sourceTree = "<group>";
		};
/* End PBXVariantGroup section */

/* Begin XCBuildConfiguration section */
		6CDF86991B1EF430001F270B /* Debug */ = {
			isa = XCBuildConfiguration;
			buildSettings = {
				ALWAYS_SEARCH_USER_PATHS = NO;
				CLANG_CXX_LANGUAGE_STANDARD = "gnu++0x";
				CLANG_CXX_LIBRARY = "libc++";
				CLANG_ENABLE_MODULES = YES;
				CLANG_ENABLE_OBJC_ARC = YES;
				CLANG_WARN_BOOL_CONVERSION = YES;
				CLANG_WARN_CONSTANT_CONVERSION = YES;
				CLANG_WARN_DIRECT_OBJC_ISA_USAGE = YES_ERROR;
				CLANG_WARN_EMPTY_BODY = YES;
				CLANG_WARN_ENUM_CONVERSION = YES;
				CLANG_WARN_INT_CONVERSION = YES;
				CLANG_WARN_OBJC_ROOT_CLASS = YES_ERROR;
				CLANG_WARN_UNREACHABLE_CODE = YES;
				CLANG_WARN__DUPLICATE_METHOD_MATCH = YES;
				"CODE_SIGN_IDENTITY[sdk=iphoneos*]" = "iPhone Developer";
				COPY_PHASE_STRIP = NO;
				DEBUG_INFORMATION_FORMAT = "dwarf-with-dsym";
				ENABLE_STRICT_OBJC_MSGSEND = YES;
				GCC_C_LANGUAGE_STANDARD = gnu99;
				GCC_DYNAMIC_NO_PIC = NO;
				GCC_NO_COMMON_BLOCKS = YES;
				GCC_OPTIMIZATION_LEVEL = 0;
				GCC_PREPROCESSOR_DEFINITIONS = (
					"DEBUG=1",
					"$(inherited)",
				);
				GCC_SYMBOLS_PRIVATE_EXTERN = NO;
				GCC_WARN_64_TO_32_BIT_CONVERSION = YES;
				GCC_WARN_ABOUT_RETURN_TYPE = YES_ERROR;
				GCC_WARN_UNDECLARED_SELECTOR = YES;
				GCC_WARN_UNINITIALIZED_AUTOS = YES_AGGRESSIVE;
				GCC_WARN_UNUSED_FUNCTION = YES;
				GCC_WARN_UNUSED_VARIABLE = YES;
				IPHONEOS_DEPLOYMENT_TARGET = 8.3;
				MTL_ENABLE_DEBUG_INFO = YES;
				ONLY_ACTIVE_ARCH = YES;
				SDKROOT = iphoneos;
				SWIFT_OPTIMIZATION_LEVEL = "-Onone";
				TARGETED_DEVICE_FAMILY = "1,2";
			};
			name = Debug;
		};
		6CDF869A1B1EF430001F270B /* Release */ = {
			isa = XCBuildConfiguration;
			buildSettings = {
				ALWAYS_SEARCH_USER_PATHS = NO;
				CLANG_CXX_LANGUAGE_STANDARD = "gnu++0x";
				CLANG_CXX_LIBRARY = "libc++";
				CLANG_ENABLE_MODULES = YES;
				CLANG_ENABLE_OBJC_ARC = YES;
				CLANG_WARN_BOOL_CONVERSION = YES;
				CLANG_WARN_CONSTANT_CONVERSION = YES;
				CLANG_WARN_DIRECT_OBJC_ISA_USAGE = YES_ERROR;
				CLANG_WARN_EMPTY_BODY = YES;
				CLANG_WARN_ENUM_CONVERSION = YES;
				CLANG_WARN_INT_CONVERSION = YES;
				CLANG_WARN_OBJC_ROOT_CLASS = YES_ERROR;
				CLANG_WARN_UNREACHABLE_CODE = YES;
				CLANG_WARN__DUPLICATE_METHOD_MATCH = YES;
				"CODE_SIGN_IDENTITY[sdk=iphoneos*]" = "iPhone Developer";
				COPY_PHASE_STRIP = NO;
				DEBUG_INFORMATION_FORMAT = "dwarf-with-dsym";
				ENABLE_NS_ASSERTIONS = NO;
				ENABLE_STRICT_OBJC_MSGSEND = YES;
				GCC_C_LANGUAGE_STANDARD = gnu99;
				GCC_NO_COMMON_BLOCKS = YES;
				GCC_WARN_64_TO_32_BIT_CONVERSION = YES;
				GCC_WARN_ABOUT_RETURN_TYPE = YES_ERROR;
				GCC_WARN_UNDECLARED_SELECTOR = YES;
				GCC_WARN_UNINITIALIZED_AUTOS = YES_AGGRESSIVE;
				GCC_WARN_UNUSED_FUNCTION = YES;
				GCC_WARN_UNUSED_VARIABLE = YES;
				IPHONEOS_DEPLOYMENT_TARGET = 8.3;
				MTL_ENABLE_DEBUG_INFO = NO;
				SDKROOT = iphoneos;
				TARGETED_DEVICE_FAMILY = "1,2";
				VALIDATE_PRODUCT = YES;
			};
			name = Release;
		};
		6CDF869C1B1EF430001F270B /* Debug */ = {
			isa = XCBuildConfiguration;
			buildSettings = {
				ASSETCATALOG_COMPILER_APPICON_NAME = AppIcon;
				INFOPLIST_FILE = AiSpritee/Info.plist;
				LD_RUNPATH_SEARCH_PATHS = "$(inherited) @executable_path/Frameworks";
				OTHER_SWIFT_FLAGS = "-DiOS";
				PRODUCT_NAME = "$(TARGET_NAME)";
			};
			name = Debug;
		};
		6CDF869D1B1EF430001F270B /* Release */ = {
			isa = XCBuildConfiguration;
			buildSettings = {
				ASSETCATALOG_COMPILER_APPICON_NAME = AppIcon;
				INFOPLIST_FILE = AiSpritee/Info.plist;
				LD_RUNPATH_SEARCH_PATHS = "$(inherited) @executable_path/Frameworks";
				OTHER_SWIFT_FLAGS = "-DiOS";
				PRODUCT_NAME = "$(TARGET_NAME)";
			};
			name = Release;
		};
		6CDF869F1B1EF430001F270B /* Debug */ = {
			isa = XCBuildConfiguration;
			buildSettings = {
				BUNDLE_LOADER = "$(TEST_HOST)";
				FRAMEWORK_SEARCH_PATHS = (
					"$(SDKROOT)/Developer/Library/Frameworks",
					"$(inherited)",
				);
				GCC_PREPROCESSOR_DEFINITIONS = (
					"DEBUG=1",
					"$(inherited)",
				);
				INFOPLIST_FILE = AiSpriteeTests/Info.plist;
				LD_RUNPATH_SEARCH_PATHS = "$(inherited) @executable_path/Frameworks @loader_path/Frameworks";
				PRODUCT_NAME = "$(TARGET_NAME)";
				TEST_HOST = "$(BUILT_PRODUCTS_DIR)/AiSpritee.app/AiSpritee";
			};
			name = Debug;
		};
		6CDF86A01B1EF430001F270B /* Release */ = {
			isa = XCBuildConfiguration;
			buildSettings = {
				BUNDLE_LOADER = "$(TEST_HOST)";
				FRAMEWORK_SEARCH_PATHS = (
					"$(SDKROOT)/Developer/Library/Frameworks",
					"$(inherited)",
				);
				INFOPLIST_FILE = AiSpriteeTests/Info.plist;
				LD_RUNPATH_SEARCH_PATHS = "$(inherited) @executable_path/Frameworks @loader_path/Frameworks";
				PRODUCT_NAME = "$(TARGET_NAME)";
				TEST_HOST = "$(BUILT_PRODUCTS_DIR)/AiSpritee.app/AiSpritee";
			};
			name = Release;
		};
/* End XCBuildConfiguration section */

/* Begin XCConfigurationList section */
		6CDF86731B1EF430001F270B /* Build configuration list for PBXProject "AiSpritee" */ = {
			isa = XCConfigurationList;
			buildConfigurations = (
				6CDF86991B1EF430001F270B /* Debug */,
				6CDF869A1B1EF430001F270B /* Release */,
			);
			defaultConfigurationIsVisible = 0;
			defaultConfigurationName = Release;
		};
		6CDF869B1B1EF430001F270B /* Build configuration list for PBXNativeTarget "AiSpritee" */ = {
			isa = XCConfigurationList;
			buildConfigurations = (
				6CDF869C1B1EF430001F270B /* Debug */,
				6CDF869D1B1EF430001F270B /* Release */,
			);
			defaultConfigurationIsVisible = 0;
			defaultConfigurationName = Release;
		};
		6CDF869E1B1EF430001F270B /* Build configuration list for PBXNativeTarget "AiSpriteeTests" */ = {
			isa = XCConfigurationList;
			buildConfigurations = (
				6CDF869F1B1EF430001F270B /* Debug */,
				6CDF86A01B1EF430001F270B /* Release */,
			);
			defaultConfigurationIsVisible = 0;
			defaultConfigurationName = Release;
		};
/* End XCConfigurationList section */
	};
	rootObject = 6CDF86701B1EF430001F270B /* Project object */;
}
